
Microsoft Visual Studio Solution File, Format Version 12.00
# Visual Studio Version 17
VisualStudioVersion = 17.8.34309.116
MinimumVisualStudioVersion = 10.0.40219.1
Project("{8BC9CEB8-8B4A-11D0-8D11-00A0C91BC942}") = "prufiBen", "prufiBen\prufiBen.vcxproj", "{715FC458-C37D-44EB-9853-15D15FABC962}"
EndProject
Global
	GlobalSection(SolutionConfigurationPlatforms) = preSolution
		Debug|x64 = Debug|x64
		Debug|x86 = Debug|x86
		Release|x64 = Release|x64
		Release|x86 = Release|x86
	EndGlobalSection
	GlobalSection(ProjectConfigurationPlatforms) = postSolution
		{715FC458-C37D-44EB-9853-15D15FABC962}.Debug|x64.ActiveCfg = Debug|x64
		{715FC458-C37D-44EB-9853-15D15FABC962}.Debug|x64.Build.0 = Debug|x64
		{715FC458-C37D-44EB-9853-15D15FABC962}.Debug|x86.ActiveCfg = Debug|Win32
		{715FC458-C37D-44EB-9853-15D15FABC962}.Debug|x86.Build.0 = Debug|Win32
		{715FC458-C37D-44EB-9853-15D15FABC962}.Release|x64.ActiveCfg = Release|x64
		{715FC458-C37D-44EB-9853-15D15FABC962}.Release|x64.Build.0 = Release|x64
		{715FC458-C37D-44EB-9853-15D15FABC962}.Release|x86.ActiveCfg = Release|Win32
		{715FC458-C37D-44EB-9853-15D15FABC962}.Release|x86.Build.0 = Release|Win32
	EndGlobalSection
	GlobalSection(SolutionProperties) = preSolution
		HideSolutionNode = FALSE
	EndGlobalSection
	GlobalSection(ExtensibilityGlobals) = postSolution
		SolutionGuid = {F202DD94-1B27-4200-9BFA-CD66A94F998D}
	EndGlobalSection
EndGlobal
