
Microsoft Visual Studio Solution File, Format Version 12.00
# Visual Studio Version 17
VisualStudioVersion = 17.7.34221.43
MinimumVisualStudioVersion = 10.0.40219.1
Project("{8BC9CEB8-8B4A-11D0-8D11-00A0C91BC942}") = "messwert3", "messwert3\messwert3.vcxproj", "{66D25299-F51D-42CE-9AA1-6EA8545E8964}"
EndProject
Global
	GlobalSection(SolutionConfigurationPlatforms) = preSolution
		Debug|x64 = Debug|x64
		Debug|x86 = Debug|x86
		Release|x64 = Release|x64
		Release|x86 = Release|x86
	EndGlobalSection
	GlobalSection(ProjectConfigurationPlatforms) = postSolution
		{66D25299-F51D-42CE-9AA1-6EA8545E8964}.Debug|x64.ActiveCfg = Debug|x64
		{66D25299-F51D-42CE-9AA1-6EA8545E8964}.Debug|x64.Build.0 = Debug|x64
		{66D25299-F51D-42CE-9AA1-6EA8545E8964}.Debug|x86.ActiveCfg = Debug|Win32
		{66D25299-F51D-42CE-9AA1-6EA8545E8964}.Debug|x86.Build.0 = Debug|Win32
		{66D25299-F51D-42CE-9AA1-6EA8545E8964}.Release|x64.ActiveCfg = Release|x64
		{66D25299-F51D-42CE-9AA1-6EA8545E8964}.Release|x64.Build.0 = Release|x64
		{66D25299-F51D-42CE-9AA1-6EA8545E8964}.Release|x86.ActiveCfg = Release|Win32
		{66D25299-F51D-42CE-9AA1-6EA8545E8964}.Release|x86.Build.0 = Release|Win32
	EndGlobalSection
	GlobalSection(SolutionProperties) = preSolution
		HideSolutionNode = FALSE
	EndGlobalSection
	GlobalSection(ExtensibilityGlobals) = postSolution
		SolutionGuid = {31EB2EEF-CECE-4649-B8A7-C19D482597EA}
	EndGlobalSection
EndGlobal
