
Microsoft Visual Studio Solution File, Format Version 12.00
# Visual Studio Version 17
VisualStudioVersion = 17.7.34202.233
MinimumVisualStudioVersion = 10.0.40219.1
Project("{8BC9CEB8-8B4A-11D0-8D11-00A0C91BC942}") = "hallo", "hallo\hallo.vcxproj", "{7ED26DB1-4782-4E13-9799-C6B6D16F2BCD}"
EndProject
Global
	GlobalSection(SolutionConfigurationPlatforms) = preSolution
		Debug|x64 = Debug|x64
		Debug|x86 = Debug|x86
		Release|x64 = Release|x64
		Release|x86 = Release|x86
	EndGlobalSection
	GlobalSection(ProjectConfigurationPlatforms) = postSolution
		{7ED26DB1-4782-4E13-9799-C6B6D16F2BCD}.Debug|x64.ActiveCfg = Debug|x64
		{7ED26DB1-4782-4E13-9799-C6B6D16F2BCD}.Debug|x64.Build.0 = Debug|x64
		{7ED26DB1-4782-4E13-9799-C6B6D16F2BCD}.Debug|x86.ActiveCfg = Debug|Win32
		{7ED26DB1-4782-4E13-9799-C6B6D16F2BCD}.Debug|x86.Build.0 = Debug|Win32
		{7ED26DB1-4782-4E13-9799-C6B6D16F2BCD}.Release|x64.ActiveCfg = Release|x64
		{7ED26DB1-4782-4E13-9799-C6B6D16F2BCD}.Release|x64.Build.0 = Release|x64
		{7ED26DB1-4782-4E13-9799-C6B6D16F2BCD}.Release|x86.ActiveCfg = Release|Win32
		{7ED26DB1-4782-4E13-9799-C6B6D16F2BCD}.Release|x86.Build.0 = Release|Win32
	EndGlobalSection
	GlobalSection(SolutionProperties) = preSolution
		HideSolutionNode = FALSE
	EndGlobalSection
	GlobalSection(ExtensibilityGlobals) = postSolution
		SolutionGuid = {6294AC80-22F1-491D-9594-A56E85961DBC}
	EndGlobalSection
EndGlobal
